
Microsoft Visual Studio Solution File, Format Version 12.00
# Visual Studio 15
Project("{FAE04EC0-301F-11D3-BF4B-00C04F79EFBC}") = "GatheMobile.Android", "GatheMobile.Android\GatheMobile.Android.csproj", "{DF7DA17E-4899-4E7E-A7CC-BE14A0C1C6A9}"
EndProject
Project("{FAE04EC0-301F-11D3-BF4B-00C04F79EFBC}") = "GatheMobile.iOS", "GatheMobile.iOS\GatheMobile.iOS.csproj", "{3C48D138-4DF9-48A9-BD7F-8451F3477FA4}"
EndProject
Project("{FAE04EC0-301F-11D3-BF4B-00C04F79EFBC}") = "GatheMobile.UITests", "GatheMobile.UITests\GatheMobile.UITests.csproj", "{B19C892E-2628-4CA7-AD27-08D406A3B14B}"
EndProject
Project("{FAE04EC0-301F-11D3-BF4B-00C04F79EFBC}") = "GatheMobile", "GatheMobile\GatheMobile.csproj", "{F6C044AC-110B-449A-AD82-C48B0DF2C50D}"
EndProject
Global
	GlobalSection(SolutionConfigurationPlatforms) = preSolution
		Debug|Any CPU = Debug|Any CPU
		Release|Any CPU = Release|Any CPU
		Debug|iPhoneSimulator = Debug|iPhoneSimulator
		Release|iPhoneSimulator = Release|iPhoneSimulator
		Debug|iPhone = Debug|iPhone
		Release|iPhone = Release|iPhone
		Ad-Hoc|iPhone = Ad-Hoc|iPhone
		AppStore|iPhone = AppStore|iPhone
	EndGlobalSection
	GlobalSection(ProjectConfigurationPlatforms) = postSolution
		{DF7DA17E-4899-4E7E-A7CC-BE14A0C1C6A9}.Debug|Any CPU.ActiveCfg = Debug|Any CPU
		{DF7DA17E-4899-4E7E-A7CC-BE14A0C1C6A9}.Debug|Any CPU.Build.0 = Debug|Any CPU
		{DF7DA17E-4899-4E7E-A7CC-BE14A0C1C6A9}.Release|Any CPU.ActiveCfg = Release|Any CPU
		{DF7DA17E-4899-4E7E-A7CC-BE14A0C1C6A9}.Release|Any CPU.Build.0 = Release|Any CPU
		{DF7DA17E-4899-4E7E-A7CC-BE14A0C1C6A9}.Debug|iPhoneSimulator.ActiveCfg = Debug|Any CPU
		{DF7DA17E-4899-4E7E-A7CC-BE14A0C1C6A9}.Debug|iPhoneSimulator.Build.0 = Debug|Any CPU
		{DF7DA17E-4899-4E7E-A7CC-BE14A0C1C6A9}.Release|iPhoneSimulator.ActiveCfg = Release|Any CPU
		{DF7DA17E-4899-4E7E-A7CC-BE14A0C1C6A9}.Release|iPhoneSimulator.Build.0 = Release|Any CPU
		{DF7DA17E-4899-4E7E-A7CC-BE14A0C1C6A9}.Debug|iPhone.ActiveCfg = Debug|Any CPU
		{DF7DA17E-4899-4E7E-A7CC-BE14A0C1C6A9}.Debug|iPhone.Build.0 = Debug|Any CPU
		{DF7DA17E-4899-4E7E-A7CC-BE14A0C1C6A9}.Release|iPhone.ActiveCfg = Release|Any CPU
		{DF7DA17E-4899-4E7E-A7CC-BE14A0C1C6A9}.Release|iPhone.Build.0 = Release|Any CPU
		{DF7DA17E-4899-4E7E-A7CC-BE14A0C1C6A9}.Ad-Hoc|iPhone.ActiveCfg = Debug|Any CPU
		{DF7DA17E-4899-4E7E-A7CC-BE14A0C1C6A9}.Ad-Hoc|iPhone.Build.0 = Debug|Any CPU
		{DF7DA17E-4899-4E7E-A7CC-BE14A0C1C6A9}.AppStore|iPhone.ActiveCfg = Debug|Any CPU
		{DF7DA17E-4899-4E7E-A7CC-BE14A0C1C6A9}.AppStore|iPhone.Build.0 = Debug|Any CPU
		{3C48D138-4DF9-48A9-BD7F-8451F3477FA4}.Debug|Any CPU.ActiveCfg = Debug|iPhoneSimulator
		{3C48D138-4DF9-48A9-BD7F-8451F3477FA4}.Debug|Any CPU.Build.0 = Debug|iPhoneSimulator
		{3C48D138-4DF9-48A9-BD7F-8451F3477FA4}.Release|Any CPU.ActiveCfg = Release|iPhoneSimulator
		{3C48D138-4DF9-48A9-BD7F-8451F3477FA4}.Release|Any CPU.Build.0 = Release|iPhoneSimulator
		{3C48D138-4DF9-48A9-BD7F-8451F3477FA4}.Debug|iPhoneSimulator.ActiveCfg = Debug|iPhoneSimulator
		{3C48D138-4DF9-48A9-BD7F-8451F3477FA4}.Debug|iPhoneSimulator.Build.0 = Debug|iPhoneSimulator
		{3C48D138-4DF9-48A9-BD7F-8451F3477FA4}.Release|iPhoneSimulator.ActiveCfg = Release|iPhoneSimulator
		{3C48D138-4DF9-48A9-BD7F-8451F3477FA4}.Release|iPhoneSimulator.Build.0 = Release|iPhoneSimulator
		{3C48D138-4DF9-48A9-BD7F-8451F3477FA4}.Debug|iPhone.ActiveCfg = Debug|iPhone
		{3C48D138-4DF9-48A9-BD7F-8451F3477FA4}.Debug|iPhone.Build.0 = Debug|iPhone
		{3C48D138-4DF9-48A9-BD7F-8451F3477FA4}.Release|iPhone.ActiveCfg = Release|iPhone
		{3C48D138-4DF9-48A9-BD7F-8451F3477FA4}.Release|iPhone.Build.0 = Release|iPhone
		{3C48D138-4DF9-48A9-BD7F-8451F3477FA4}.Ad-Hoc|iPhone.ActiveCfg = Ad-Hoc|iPhone
		{3C48D138-4DF9-48A9-BD7F-8451F3477FA4}.Ad-Hoc|iPhone.Build.0 = Ad-Hoc|iPhone
		{3C48D138-4DF9-48A9-BD7F-8451F3477FA4}.AppStore|iPhone.ActiveCfg = AppStore|iPhone
		{3C48D138-4DF9-48A9-BD7F-8451F3477FA4}.AppStore|iPhone.Build.0 = AppStore|iPhone
		{B19C892E-2628-4CA7-AD27-08D406A3B14B}.Debug|Any CPU.ActiveCfg = Debug|Any CPU
		{B19C892E-2628-4CA7-AD27-08D406A3B14B}.Debug|Any CPU.Build.0 = Debug|Any CPU
		{B19C892E-2628-4CA7-AD27-08D406A3B14B}.Release|Any CPU.ActiveCfg = Release|Any CPU
		{B19C892E-2628-4CA7-AD27-08D406A3B14B}.Release|Any CPU.Build.0 = Release|Any CPU
		{B19C892E-2628-4CA7-AD27-08D406A3B14B}.Debug|iPhoneSimulator.ActiveCfg = Debug|Any CPU
		{B19C892E-2628-4CA7-AD27-08D406A3B14B}.Debug|iPhoneSimulator.Build.0 = Debug|Any CPU
		{B19C892E-2628-4CA7-AD27-08D406A3B14B}.Release|iPhoneSimulator.ActiveCfg = Release|Any CPU
		{B19C892E-2628-4CA7-AD27-08D406A3B14B}.Release|iPhoneSimulator.Build.0 = Release|Any CPU
		{B19C892E-2628-4CA7-AD27-08D406A3B14B}.Debug|iPhone.ActiveCfg = Debug|Any CPU
		{B19C892E-2628-4CA7-AD27-08D406A3B14B}.Debug|iPhone.Build.0 = Debug|Any CPU
		{B19C892E-2628-4CA7-AD27-08D406A3B14B}.Release|iPhone.ActiveCfg = Release|Any CPU
		{B19C892E-2628-4CA7-AD27-08D406A3B14B}.Release|iPhone.Build.0 = Release|Any CPU
		{B19C892E-2628-4CA7-AD27-08D406A3B14B}.Ad-Hoc|iPhone.ActiveCfg = Debug|Any CPU
		{B19C892E-2628-4CA7-AD27-08D406A3B14B}.Ad-Hoc|iPhone.Build.0 = Debug|Any CPU
		{B19C892E-2628-4CA7-AD27-08D406A3B14B}.AppStore|iPhone.ActiveCfg = Debug|Any CPU
		{B19C892E-2628-4CA7-AD27-08D406A3B14B}.AppStore|iPhone.Build.0 = Debug|Any CPU
		{F6C044AC-110B-449A-AD82-C48B0DF2C50D}.Debug|Any CPU.ActiveCfg = Debug|Any CPU
		{F6C044AC-110B-449A-AD82-C48B0DF2C50D}.Debug|Any CPU.Build.0 = Debug|Any CPU
		{F6C044AC-110B-449A-AD82-C48B0DF2C50D}.Release|Any CPU.ActiveCfg = Release|Any CPU
		{F6C044AC-110B-449A-AD82-C48B0DF2C50D}.Release|Any CPU.Build.0 = Release|Any CPU
		{F6C044AC-110B-449A-AD82-C48B0DF2C50D}.Debug|iPhoneSimulator.ActiveCfg = Debug|Any CPU
		{F6C044AC-110B-449A-AD82-C48B0DF2C50D}.Debug|iPhoneSimulator.Build.0 = Debug|Any CPU
		{F6C044AC-110B-449A-AD82-C48B0DF2C50D}.Release|iPhoneSimulator.ActiveCfg = Release|Any CPU
		{F6C044AC-110B-449A-AD82-C48B0DF2C50D}.Release|iPhoneSimulator.Build.0 = Release|Any CPU
		{F6C044AC-110B-449A-AD82-C48B0DF2C50D}.Debug|iPhone.ActiveCfg = Debug|Any CPU
		{F6C044AC-110B-449A-AD82-C48B0DF2C50D}.Debug|iPhone.Build.0 = Debug|Any CPU
		{F6C044AC-110B-449A-AD82-C48B0DF2C50D}.Release|iPhone.ActiveCfg = Release|Any CPU
		{F6C044AC-110B-449A-AD82-C48B0DF2C50D}.Release|iPhone.Build.0 = Release|Any CPU
		{F6C044AC-110B-449A-AD82-C48B0DF2C50D}.Ad-Hoc|iPhone.ActiveCfg = Debug|Any CPU
		{F6C044AC-110B-449A-AD82-C48B0DF2C50D}.Ad-Hoc|iPhone.Build.0 = Debug|Any CPU
		{F6C044AC-110B-449A-AD82-C48B0DF2C50D}.AppStore|iPhone.ActiveCfg = Debug|Any CPU
		{F6C044AC-110B-449A-AD82-C48B0DF2C50D}.AppStore|iPhone.Build.0 = Debug|Any CPU
	EndGlobalSection
EndGlobal
